// !$*UTF8*$!
{
	archiveVersion = 1;
	classes = {
	};
	objectVersion = 46;
	objects = {

/* Begin PBXBuildFile section */
		6482BA22197134CA0057CE5B /* APIManager.m in Sources */ = {isa = PBXBuildFile; fileRef = 6482BA21197134CA0057CE5B /* APIManager.m */; };
		6482BA251971362E0057CE5B /* News.m in Sources */ = {isa = PBXBuildFile; fileRef = 6482BA241971362E0057CE5B /* News.m */; };
		64A1847B1971313A007ECCD9 /* Foundation.framework in Frameworks */ = {isa = PBXBuildFile; fileRef = 64A1847A1971313A007ECCD9 /* Foundation.framework */; };
		64A1847D1971313A007ECCD9 /* CoreGraphics.framework in Frameworks */ = {isa = PBXBuildFile; fileRef = 64A1847C1971313A007ECCD9 /* CoreGraphics.framework */; };
		64A1847F1971313A007ECCD9 /* UIKit.framework in Frameworks */ = {isa = PBXBuildFile; fileRef = 64A1847E1971313A007ECCD9 /* UIKit.framework */; };
		64A184851971313A007ECCD9 /* InfoPlist.strings in Resources */ = {isa = PBXBuildFile; fileRef = 64A184831971313A007ECCD9 /* InfoPlist.strings */; };
		64A184871971313A007ECCD9 /* main.m in Sources */ = {isa = PBXBuildFile; fileRef = 64A184861971313A007ECCD9 /* main.m */; };
		64A1848B1971313A007ECCD9 /* AppDelegate.m in Sources */ = {isa = PBXBuildFile; fileRef = 64A1848A1971313A007ECCD9 /* AppDelegate.m */; };
		64A1848E1971313A007ECCD9 /* Main.storyboard in Resources */ = {isa = PBXBuildFile; fileRef = 64A1848C1971313A007ECCD9 /* Main.storyboard */; };
		64A184911971313A007ECCD9 /* ViewController.m in Sources */ = {isa = PBXBuildFile; fileRef = 64A184901971313A007ECCD9 /* ViewController.m */; };
		64A184931971313A007ECCD9 /* Images.xcassets in Resources */ = {isa = PBXBuildFile; fileRef = 64A184921971313A007ECCD9 /* Images.xcassets */; };
		64A1849A1971313B007ECCD9 /* XCTest.framework in Frameworks */ = {isa = PBXBuildFile; fileRef = 64A184991971313B007ECCD9 /* XCTest.framework */; };
		64A1849B1971313B007ECCD9 /* Foundation.framework in Frameworks */ = {isa = PBXBuildFile; fileRef = 64A1847A1971313A007ECCD9 /* Foundation.framework */; };
		64A1849C1971313B007ECCD9 /* UIKit.framework in Frameworks */ = {isa = PBXBuildFile; fileRef = 64A1847E1971313A007ECCD9 /* UIKit.framework */; };
		64A184A41971313B007ECCD9 /* InfoPlist.strings in Resources */ = {isa = PBXBuildFile; fileRef = 64A184A21971313B007ECCD9 /* InfoPlist.strings */; };
		64A184A61971313B007ECCD9 /* httpSpikeTests.m in Sources */ = {isa = PBXBuildFile; fileRef = 64A184A51971313B007ECCD9 /* httpSpikeTests.m */; };
		821F19AC15944DA3BE5C0EE9 /* libPods-httpSpike.a in Frameworks */ = {isa = PBXBuildFile; fileRef = 8440E5B3B5AB4CD2AEA3DAD7 /* libPods-httpSpike.a */; };
/* End PBXBuildFile section */

/* Begin PBXContainerItemProxy section */
		64A1849D1971313B007ECCD9 /* PBXContainerItemProxy */ = {
			isa = PBXContainerItemProxy;
			containerPortal = 64A1846F1971313A007ECCD9 /* Project object */;
			proxyType = 1;
			remoteGlobalIDString = 64A184761971313A007ECCD9;
			remoteInfo = httpSpike;
		};
/* End PBXContainerItemProxy section */

/* Begin PBXFileReference section */
		1E6CC80999CD400BA9F6FDE9 /* Pods-httpSpike.xcconfig */ = {isa = PBXFileReference; includeInIndex = 1; lastKnownFileType = text.xcconfig; name = "Pods-httpSpike.xcconfig"; path = "Pods/Pods-httpSpike.xcconfig"; sourceTree = "<group>"; };
		6482BA20197134CA0057CE5B /* APIManager.h */ = {isa = PBXFileReference; fileEncoding = 4; lastKnownFileType = sourcecode.c.h; path = APIManager.h; sourceTree = "<group>"; };
		6482BA21197134CA0057CE5B /* APIManager.m */ = {isa = PBXFileReference; fileEncoding = 4; lastKnownFileType = sourcecode.c.objc; path = APIManager.m; sourceTree = "<group>"; };
		6482BA231971362E0057CE5B /* News.h */ = {isa = PBXFileReference; fileEncoding = 4; lastKnownFileType = sourcecode.c.h; path = News.h; sourceTree = "<group>"; };
		6482BA241971362E0057CE5B /* News.m */ = {isa = PBXFileReference; fileEncoding = 4; lastKnownFileType = sourcecode.c.objc; path = News.m; sourceTree = "<group>"; };
		64A184771971313A007ECCD9 /* httpSpike.app */ = {isa = PBXFileReference; explicitFileType = wrapper.application; includeInIndex = 0; path = httpSpike.app; sourceTree = BUILT_PRODUCTS_DIR; };
		64A1847A1971313A007ECCD9 /* Foundation.framework */ = {isa = PBXFileReference; lastKnownFileType = wrapper.framework; name = Foundation.framework; path = System/Library/Frameworks/Foundation.framework; sourceTree = SDKROOT; };
		64A1847C1971313A007ECCD9 /* CoreGraphics.framework */ = {isa = PBXFileReference; lastKnownFileType = wrapper.framework; name = CoreGraphics.framework; path = System/Library/Frameworks/CoreGraphics.framework; sourceTree = SDKROOT; };
		64A1847E1971313A007ECCD9 /* UIKit.framework */ = {isa = PBXFileReference; lastKnownFileType = wrapper.framework; name = UIKit.framework; path = System/Library/Frameworks/UIKit.framework; sourceTree = SDKROOT; };
		64A184821971313A007ECCD9 /* httpSpike-Info.plist */ = {isa = PBXFileReference; lastKnownFileType = text.plist.xml; path = "httpSpike-Info.plist"; sourceTree = "<group>"; };
		64A184841971313A007ECCD9 /* en */ = {isa = PBXFileReference; lastKnownFileType = text.plist.strings; name = en; path = en.lproj/InfoPlist.strings; sourceTree = "<group>"; };
		64A184861971313A007ECCD9 /* main.m */ = {isa = PBXFileReference; lastKnownFileType = sourcecode.c.objc; path = main.m; sourceTree = "<group>"; };
		64A184881971313A007ECCD9 /* httpSpike-Prefix.pch */ = {isa = PBXFileReference; lastKnownFileType = sourcecode.c.h; path = "httpSpike-Prefix.pch"; sourceTree = "<group>"; };
		64A184891971313A007ECCD9 /* AppDelegate.h */ = {isa = PBXFileReference; lastKnownFileType = sourcecode.c.h; path = AppDelegate.h; sourceTree = "<group>"; };
		64A1848A1971313A007ECCD9 /* AppDelegate.m */ = {isa = PBXFileReference; lastKnownFileType = sourcecode.c.objc; path = AppDelegate.m; sourceTree = "<group>"; };
		64A1848D1971313A007ECCD9 /* Base */ = {isa = PBXFileReference; lastKnownFileType = file.storyboard; name = Base; path = Base.lproj/Main.storyboard; sourceTree = "<group>"; };
		64A1848F1971313A007ECCD9 /* ViewController.h */ = {isa = PBXFileReference; lastKnownFileType = sourcecode.c.h; path = ViewController.h; sourceTree = "<group>"; };
		64A184901971313A007ECCD9 /* ViewController.m */ = {isa = PBXFileReference; lastKnownFileType = sourcecode.c.objc; path = ViewController.m; sourceTree = "<group>"; };
		64A184921971313A007ECCD9 /* Images.xcassets */ = {isa = PBXFileReference; lastKnownFileType = folder.assetcatalog; path = Images.xcassets; sourceTree = "<group>"; };
		64A184981971313B007ECCD9 /* httpSpikeTests.xctest */ = {isa = PBXFileReference; explicitFileType = wrapper.cfbundle; includeInIndex = 0; path = httpSpikeTests.xctest; sourceTree = BUILT_PRODUCTS_DIR; };
		64A184991971313B007ECCD9 /* XCTest.framework */ = {isa = PBXFileReference; lastKnownFileType = wrapper.framework; name = XCTest.framework; path = Library/Frameworks/XCTest.framework; sourceTree = DEVELOPER_DIR; };
		64A184A11971313B007ECCD9 /* httpSpikeTests-Info.plist */ = {isa = PBXFileReference; lastKnownFileType = text.plist.xml; path = "httpSpikeTests-Info.plist"; sourceTree = "<group>"; };
		64A184A31971313B007ECCD9 /* en */ = {isa = PBXFileReference; lastKnownFileType = text.plist.strings; name = en; path = en.lproj/InfoPlist.strings; sourceTree = "<group>"; };
		64A184A51971313B007ECCD9 /* httpSpikeTests.m */ = {isa = PBXFileReference; lastKnownFileType = sourcecode.c.objc; path = httpSpikeTests.m; sourceTree = "<group>"; };
		8440E5B3B5AB4CD2AEA3DAD7 /* libPods-httpSpike.a */ = {isa = PBXFileReference; explicitFileType = archive.ar; includeInIndex = 0; path = "libPods-httpSpike.a"; sourceTree = BUILT_PRODUCTS_DIR; };
/* End PBXFileReference section */

/* Begin PBXFrameworksBuildPhase section */
		64A184741971313A007ECCD9 /* Frameworks */ = {
			isa = PBXFrameworksBuildPhase;
			buildActionMask = 2147483647;
			files = (
				64A1847D1971313A007ECCD9 /* CoreGraphics.framework in Frameworks */,
				64A1847F1971313A007ECCD9 /* UIKit.framework in Frameworks */,
				64A1847B1971313A007ECCD9 /* Foundation.framework in Frameworks */,
				821F19AC15944DA3BE5C0EE9 /* libPods-httpSpike.a in Frameworks */,
			);
			runOnlyForDeploymentPostprocessing = 0;
		};
		64A184951971313B007ECCD9 /* Frameworks */ = {
			isa = PBXFrameworksBuildPhase;
			buildActionMask = 2147483647;
			files = (
				64A1849A1971313B007ECCD9 /* XCTest.framework in Frameworks */,
				64A1849C1971313B007ECCD9 /* UIKit.framework in Frameworks */,
				64A1849B1971313B007ECCD9 /* Foundation.framework in Frameworks */,
			);
			runOnlyForDeploymentPostprocessing = 0;
		};
/* End PBXFrameworksBuildPhase section */

/* Begin PBXGroup section */
		64A1846E1971313A007ECCD9 = {
			isa = PBXGroup;
			children = (
				64A184801971313A007ECCD9 /* httpSpike */,
				64A1849F1971313B007ECCD9 /* httpSpikeTests */,
				64A184791971313A007ECCD9 /* Frameworks */,
				64A184781971313A007ECCD9 /* Products */,
				1E6CC80999CD400BA9F6FDE9 /* Pods-httpSpike.xcconfig */,
			);
			sourceTree = "<group>";
		};
		64A184781971313A007ECCD9 /* Products */ = {
			isa = PBXGroup;
			children = (
				64A184771971313A007ECCD9 /* httpSpike.app */,
				64A184981971313B007ECCD9 /* httpSpikeTests.xctest */,
			);
			name = Products;
			sourceTree = "<group>";
		};
		64A184791971313A007ECCD9 /* Frameworks */ = {
			isa = PBXGroup;
			children = (
				64A1847A1971313A007ECCD9 /* Foundation.framework */,
				64A1847C1971313A007ECCD9 /* CoreGraphics.framework */,
				64A1847E1971313A007ECCD9 /* UIKit.framework */,
				64A184991971313B007ECCD9 /* XCTest.framework */,
				8440E5B3B5AB4CD2AEA3DAD7 /* libPods-httpSpike.a */,
			);
			name = Frameworks;
			sourceTree = "<group>";
		};
		64A184801971313A007ECCD9 /* httpSpike */ = {
			isa = PBXGroup;
			children = (
				64A184891971313A007ECCD9 /* AppDelegate.h */,
				64A1848A1971313A007ECCD9 /* AppDelegate.m */,
				6482BA20197134CA0057CE5B /* APIManager.h */,
				6482BA21197134CA0057CE5B /* APIManager.m */,
				6482BA231971362E0057CE5B /* News.h */,
				6482BA241971362E0057CE5B /* News.m */,
				64A1848C1971313A007ECCD9 /* Main.storyboard */,
				64A1848F1971313A007ECCD9 /* ViewController.h */,
				64A184901971313A007ECCD9 /* ViewController.m */,
				64A184921971313A007ECCD9 /* Images.xcassets */,
				64A184811971313A007ECCD9 /* Supporting Files */,
			);
			path = httpSpike;
			sourceTree = "<group>";
		};
		64A184811971313A007ECCD9 /* Supporting Files */ = {
			isa = PBXGroup;
			children = (
				64A184821971313A007ECCD9 /* httpSpike-Info.plist */,
				64A184831971313A007ECCD9 /* InfoPlist.strings */,
				64A184861971313A007ECCD9 /* main.m */,
				64A184881971313A007ECCD9 /* httpSpike-Prefix.pch */,
			);
			name = "Supporting Files";
			sourceTree = "<group>";
		};
		64A1849F1971313B007ECCD9 /* httpSpikeTests */ = {
			isa = PBXGroup;
			children = (
				64A184A51971313B007ECCD9 /* httpSpikeTests.m */,
				64A184A01971313B007ECCD9 /* Supporting Files */,
			);
			path = httpSpikeTests;
			sourceTree = "<group>";
		};
		64A184A01971313B007ECCD9 /* Supporting Files */ = {
			isa = PBXGroup;
			children = (
				64A184A11971313B007ECCD9 /* httpSpikeTests-Info.plist */,
				64A184A21971313B007ECCD9 /* InfoPlist.strings */,
			);
			name = "Supporting Files";
			sourceTree = "<group>";
		};
/* End PBXGroup section */

/* Begin PBXNativeTarget section */
		64A184761971313A007ECCD9 /* httpSpike */ = {
			isa = PBXNativeTarget;
			buildConfigurationList = 64A184A91971313B007ECCD9 /* Build configuration list for PBXNativeTarget "httpSpike" */;
			buildPhases = (
				7F1A09F1E88E491CA99ECA87 /* Check Pods Manifest.lock */,
				64A184731971313A007ECCD9 /* Sources */,
				64A184741971313A007ECCD9 /* Frameworks */,
				64A184751971313A007ECCD9 /* Resources */,
				FC3E3A1D98BF49FCA0589696 /* Copy Pods Resources */,
			);
			buildRules = (
			);
			dependencies = (
			);
			name = httpSpike;
			productName = httpSpike;
			productReference = 64A184771971313A007ECCD9 /* httpSpike.app */;
			productType = "com.apple.product-type.application";
		};
		64A184971971313B007ECCD9 /* httpSpikeTests */ = {
			isa = PBXNativeTarget;
			buildConfigurationList = 64A184AC1971313B007ECCD9 /* Build configuration list for PBXNativeTarget "httpSpikeTests" */;
			buildPhases = (
				64A184941971313B007ECCD9 /* Sources */,
				64A184951971313B007ECCD9 /* Frameworks */,
				64A184961971313B007ECCD9 /* Resources */,
			);
			buildRules = (
			);
			dependencies = (
				64A1849E1971313B007ECCD9 /* PBXTargetDependency */,
			);
			name = httpSpikeTests;
			productName = httpSpikeTests;
			productReference = 64A184981971313B007ECCD9 /* httpSpikeTests.xctest */;
			productType = "com.apple.product-type.bundle.unit-test";
		};
/* End PBXNativeTarget section */

/* Begin PBXProject section */
		64A1846F1971313A007ECCD9 /* Project object */ = {
			isa = PBXProject;
			attributes = {
				LastUpgradeCheck = 0510;
				ORGANIZATIONNAME = u16suzu;
				TargetAttributes = {
					64A184971971313B007ECCD9 = {
						TestTargetID = 64A184761971313A007ECCD9;
					};
				};
			};
			buildConfigurationList = 64A184721971313A007ECCD9 /* Build configuration list for PBXProject "httpSpike" */;
			compatibilityVersion = "Xcode 3.2";
			developmentRegion = English;
			hasScannedForEncodings = 0;
			knownRegions = (
				en,
				Base,
			);
			mainGroup = 64A1846E1971313A007ECCD9;
			productRefGroup = 64A184781971313A007ECCD9 /* Products */;
			projectDirPath = "";
			projectRoot = "";
			targets = (
				64A184761971313A007ECCD9 /* httpSpike */,
				64A184971971313B007ECCD9 /* httpSpikeTests */,
			);
		};
/* End PBXProject section */

/* Begin PBXResourcesBuildPhase section */
		64A184751971313A007ECCD9 /* Resources */ = {
			isa = PBXResourcesBuildPhase;
			buildActionMask = 2147483647;
			files = (
				64A184931971313A007ECCD9 /* Images.xcassets in Resources */,
				64A184851971313A007ECCD9 /* InfoPlist.strings in Resources */,
				64A1848E1971313A007ECCD9 /* Main.storyboard in Resources */,
			);
			runOnlyForDeploymentPostprocessing = 0;
		};
		64A184961971313B007ECCD9 /* Resources */ = {
			isa = PBXResourcesBuildPhase;
			buildActionMask = 2147483647;
			files = (
				64A184A41971313B007ECCD9 /* InfoPlist.strings in Resources */,
			);
			runOnlyForDeploymentPostprocessing = 0;
		};
/* End PBXResourcesBuildPhase section */

/* Begin PBXShellScriptBuildPhase section */
		7F1A09F1E88E491CA99ECA87 /* Check Pods Manifest.lock */ = {
			isa = PBXShellScriptBuildPhase;
			buildActionMask = 2147483647;
			files = (
			);
			inputPaths = (
			);
			name = "Check Pods Manifest.lock";
			outputPaths = (
			);
			runOnlyForDeploymentPostprocessing = 0;
			shellPath = /bin/sh;
			shellScript = "diff \"${PODS_ROOT}/../Podfile.lock\" \"${PODS_ROOT}/Manifest.lock\" > /dev/null\nif [[ $? != 0 ]] ; then\n    cat << EOM\nerror: The sandbox is not in sync with the Podfile.lock. Run 'pod install' or update your CocoaPods installation.\nEOM\n    exit 1\nfi\n";
			showEnvVarsInLog = 0;
		};
		FC3E3A1D98BF49FCA0589696 /* Copy Pods Resources */ = {
			isa = PBXShellScriptBuildPhase;
			buildActionMask = 2147483647;
			files = (
			);
			inputPaths = (
			);
			name = "Copy Pods Resources";
			outputPaths = (
			);
			runOnlyForDeploymentPostprocessing = 0;
			shellPath = /bin/sh;
			shellScript = "\"${SRCROOT}/Pods/Pods-httpSpike-resources.sh\"\n";
			showEnvVarsInLog = 0;
		};
/* End PBXShellScriptBuildPhase section */

/* Begin PBXSourcesBuildPhase section */
		64A184731971313A007ECCD9 /* Sources */ = {
			isa = PBXSourcesBuildPhase;
			buildActionMask = 2147483647;
			files = (
				6482BA251971362E0057CE5B /* News.m in Sources */,
				6482BA22197134CA0057CE5B /* APIManager.m in Sources */,
				64A184911971313A007ECCD9 /* ViewController.m in Sources */,
				64A1848B1971313A007ECCD9 /* AppDelegate.m in Sources */,
				64A184871971313A007ECCD9 /* main.m in Sources */,
			);
			runOnlyForDeploymentPostprocessing = 0;
		};
		64A184941971313B007ECCD9 /* Sources */ = {
			isa = PBXSourcesBuildPhase;
			buildActionMask = 2147483647;
			files = (
				64A184A61971313B007ECCD9 /* httpSpikeTests.m in Sources */,
			);
			runOnlyForDeploymentPostprocessing = 0;
		};
/* End PBXSourcesBuildPhase section */

/* Begin PBXTargetDependency section */
		64A1849E1971313B007ECCD9 /* PBXTargetDependency */ = {
			isa = PBXTargetDependency;
			target = 64A184761971313A007ECCD9 /* httpSpike */;
			targetProxy = 64A1849D1971313B007ECCD9 /* PBXContainerItemProxy */;
		};
/* End PBXTargetDependency section */

/* Begin PBXVariantGroup section */
		64A184831971313A007ECCD9 /* InfoPlist.strings */ = {
			isa = PBXVariantGroup;
			children = (
				64A184841971313A007ECCD9 /* en */,
			);
			name = InfoPlist.strings;
			sourceTree = "<group>";
		};
		64A1848C1971313A007ECCD9 /* Main.storyboard */ = {
			isa = PBXVariantGroup;
			children = (
				64A1848D1971313A007ECCD9 /* Base */,
			);
			name = Main.storyboard;
			sourceTree = "<group>";
		};
		64A184A21971313B007ECCD9 /* InfoPlist.strings */ = {
			isa = PBXVariantGroup;
			children = (
				64A184A31971313B007ECCD9 /* en */,
			);
			name = InfoPlist.strings;
			sourceTree = "<group>";
		};
/* End PBXVariantGroup section */

/* Begin XCBuildConfiguration section */
		64A184A71971313B007ECCD9 /* Debug */ = {
			isa = XCBuildConfiguration;
			buildSettings = {
				ALWAYS_SEARCH_USER_PATHS = NO;
				CLANG_CXX_LANGUAGE_STANDARD = "gnu++0x";
				CLANG_CXX_LIBRARY = "libc++";
				CLANG_ENABLE_MODULES = YES;
				CLANG_ENABLE_OBJC_ARC = YES;
				CLANG_WARN_BOOL_CONVERSION = YES;
				CLANG_WARN_CONSTANT_CONVERSION = YES;
				CLANG_WARN_DIRECT_OBJC_ISA_USAGE = YES_ERROR;
				CLANG_WARN_EMPTY_BODY = YES;
				CLANG_WARN_ENUM_CONVERSION = YES;
				CLANG_WARN_INT_CONVERSION = YES;
				CLANG_WARN_OBJC_ROOT_CLASS = YES_ERROR;
				CLANG_WARN__DUPLICATE_METHOD_MATCH = YES;
				"CODE_SIGN_IDENTITY[sdk=iphoneos*]" = "iPhone Developer";
				COPY_PHASE_STRIP = NO;
				GCC_C_LANGUAGE_STANDARD = gnu99;
				GCC_DYNAMIC_NO_PIC = NO;
				GCC_OPTIMIZATION_LEVEL = 0;
				GCC_PREPROCESSOR_DEFINITIONS = (
					"DEBUG=1",
					"$(inherited)",
				);
				GCC_SYMBOLS_PRIVATE_EXTERN = NO;
				GCC_WARN_64_TO_32_BIT_CONVERSION = YES;
				GCC_WARN_ABOUT_RETURN_TYPE = YES_ERROR;
				GCC_WARN_UNDECLARED_SELECTOR = YES;
				GCC_WARN_UNINITIALIZED_AUTOS = YES_AGGRESSIVE;
				GCC_WARN_UNUSED_FUNCTION = YES;
				GCC_WARN_UNUSED_VARIABLE = YES;
				IPHONEOS_DEPLOYMENT_TARGET = 7.1;
				ONLY_ACTIVE_ARCH = YES;
				SDKROOT = iphoneos;
			};
			name = Debug;
		};
		64A184A81971313B007ECCD9 /* Release */ = {
			isa = XCBuildConfiguration;
			buildSettings = {
				ALWAYS_SEARCH_USER_PATHS = NO;
				CLANG_CXX_LANGUAGE_STANDARD = "gnu++0x";
				CLANG_CXX_LIBRARY = "libc++";
				CLANG_ENABLE_MODULES = YES;
				CLANG_ENABLE_OBJC_ARC = YES;
				CLANG_WARN_BOOL_CONVERSION = YES;
				CLANG_WARN_CONSTANT_CONVERSION = YES;
				CLANG_WARN_DIRECT_OBJC_ISA_USAGE = YES_ERROR;
				CLANG_WARN_EMPTY_BODY = YES;
				CLANG_WARN_ENUM_CONVERSION = YES;
				CLANG_WARN_INT_CONVERSION = YES;
				CLANG_WARN_OBJC_ROOT_CLASS = YES_ERROR;
				CLANG_WARN__DUPLICATE_METHOD_MATCH = YES;
				"CODE_SIGN_IDENTITY[sdk=iphoneos*]" = "iPhone Developer";
				COPY_PHASE_STRIP = YES;
				ENABLE_NS_ASSERTIONS = NO;
				GCC_C_LANGUAGE_STANDARD = gnu99;
				GCC_WARN_64_TO_32_BIT_CONVERSION = YES;
				GCC_WARN_ABOUT_RETURN_TYPE = YES_ERROR;
				GCC_WARN_UNDECLARED_SELECTOR = YES;
				GCC_WARN_UNINITIALIZED_AUTOS = YES_AGGRESSIVE;
				GCC_WARN_UNUSED_FUNCTION = YES;
				GCC_WARN_UNUSED_VARIABLE = YES;
				IPHONEOS_DEPLOYMENT_TARGET = 7.1;
				SDKROOT = iphoneos;
				VALIDATE_PRODUCT = YES;
			};
			name = Release;
		};
		64A184AA1971313B007ECCD9 /* Debug */ = {
			isa = XCBuildConfiguration;
			baseConfigurationReference = 1E6CC80999CD400BA9F6FDE9 /* Pods-httpSpike.xcconfig */;
			buildSettings = {
				ASSETCATALOG_COMPILER_APPICON_NAME = AppIcon;
				ASSETCATALOG_COMPILER_LAUNCHIMAGE_NAME = LaunchImage;
				GCC_PRECOMPILE_PREFIX_HEADER = YES;
				GCC_PREFIX_HEADER = "httpSpike/httpSpike-Prefix.pch";
				INFOPLIST_FILE = "httpSpike/httpSpike-Info.plist";
				PRODUCT_NAME = "$(TARGET_NAME)";
				WRAPPER_EXTENSION = app;
			};
			name = Debug;
		};
		64A184AB1971313B007ECCD9 /* Release */ = {
			isa = XCBuildConfiguration;
			baseConfigurationReference = 1E6CC80999CD400BA9F6FDE9 /* Pods-httpSpike.xcconfig */;
			buildSettings = {
				ASSETCATALOG_COMPILER_APPICON_NAME = AppIcon;
				ASSETCATALOG_COMPILER_LAUNCHIMAGE_NAME = LaunchImage;
				GCC_PRECOMPILE_PREFIX_HEADER = YES;
				GCC_PREFIX_HEADER = "httpSpike/httpSpike-Prefix.pch";
				INFOPLIST_FILE = "httpSpike/httpSpike-Info.plist";
				PRODUCT_NAME = "$(TARGET_NAME)";
				WRAPPER_EXTENSION = app;
			};
			name = Release;
		};
		64A184AD1971313B007ECCD9 /* Debug */ = {
			isa = XCBuildConfiguration;
			buildSettings = {
				BUNDLE_LOADER = "$(BUILT_PRODUCTS_DIR)/httpSpike.app/httpSpike";
				FRAMEWORK_SEARCH_PATHS = (
					"$(SDKROOT)/Developer/Library/Frameworks",
					"$(inherited)",
					"$(DEVELOPER_FRAMEWORKS_DIR)",
				);
				GCC_PRECOMPILE_PREFIX_HEADER = YES;
				GCC_PREFIX_HEADER = "httpSpike/httpSpike-Prefix.pch";
				GCC_PREPROCESSOR_DEFINITIONS = (
					"DEBUG=1",
					"$(inherited)",
				);
				INFOPLIST_FILE = "httpSpikeTests/httpSpikeTests-Info.plist";
				PRODUCT_NAME = "$(TARGET_NAME)";
				TEST_HOST = "$(BUNDLE_LOADER)";
				WRAPPER_EXTENSION = xctest;
			};
			name = Debug;
		};
		64A184AE1971313B007ECCD9 /* Release */ = {
			isa = XCBuildConfiguration;
			buildSettings = {
				BUNDLE_LOADER = "$(BUILT_PRODUCTS_DIR)/httpSpike.app/httpSpike";
				FRAMEWORK_SEARCH_PATHS = (
					"$(SDKROOT)/Developer/Library/Frameworks",
					"$(inherited)",
					"$(DEVELOPER_FRAMEWORKS_DIR)",
				);
				GCC_PRECOMPILE_PREFIX_HEADER = YES;
				GCC_PREFIX_HEADER = "httpSpike/httpSpike-Prefix.pch";
				INFOPLIST_FILE = "httpSpikeTests/httpSpikeTests-Info.plist";
				PRODUCT_NAME = "$(TARGET_NAME)";
				TEST_HOST = "$(BUNDLE_LOADER)";
				WRAPPER_EXTENSION = xctest;
			};
			name = Release;
		};
/* End XCBuildConfiguration section */

/* Begin XCConfigurationList section */
		64A184721971313A007ECCD9 /* Build configuration list for PBXProject "httpSpike" */ = {
			isa = XCConfigurationList;
			buildConfigurations = (
				64A184A71971313B007ECCD9 /* Debug */,
				64A184A81971313B007ECCD9 /* Release */,
			);
			defaultConfigurationIsVisible = 0;
			defaultConfigurationName = Release;
		};
		64A184A91971313B007ECCD9 /* Build configuration list for PBXNativeTarget "httpSpike" */ = {
			isa = XCConfigurationList;
			buildConfigurations = (
				64A184AA1971313B007ECCD9 /* Debug */,
				64A184AB1971313B007ECCD9 /* Release */,
			);
			defaultConfigurationIsVisible = 0;
			defaultConfigurationName = Release;
		};
		64A184AC1971313B007ECCD9 /* Build configuration list for PBXNativeTarget "httpSpikeTests" */ = {
			isa = XCConfigurationList;
			buildConfigurations = (
				64A184AD1971313B007ECCD9 /* Debug */,
				64A184AE1971313B007ECCD9 /* Release */,
			);
			defaultConfigurationIsVisible = 0;
			defaultConfigurationName = Release;
		};
/* End XCConfigurationList section */
	};
	rootObject = 64A1846F1971313A007ECCD9 /* Project object */;
}
